
Microsoft Visual Studio Solution File, Format Version 12.00
# Visual Studio Version 16
VisualStudioVersion = 16.0.31424.327
MinimumVisualStudioVersion = 10.0.40219.1
Project("{FAE04EC0-301F-11D3-BF4B-00C04F79EFBC}") = "cbdc-project", "cbdc-project\cbdc-project.csproj", "{FF1030D6-79B4-4BD4-B4AD-3F8A8B1F62A0}"
EndProject
Global
	GlobalSection(SolutionConfigurationPlatforms) = preSolution
		Debug|Any CPU = Debug|Any CPU
		Release|Any CPU = Release|Any CPU
	EndGlobalSection
	GlobalSection(ProjectConfigurationPlatforms) = postSolution
		{FF1030D6-79B4-4BD4-B4AD-3F8A8B1F62A0}.Debug|Any CPU.ActiveCfg = Debug|Any CPU
		{FF1030D6-79B4-4BD4-B4AD-3F8A8B1F62A0}.Debug|Any CPU.Build.0 = Debug|Any CPU
		{FF1030D6-79B4-4BD4-B4AD-3F8A8B1F62A0}.Release|Any CPU.ActiveCfg = Release|Any CPU
		{FF1030D6-79B4-4BD4-B4AD-3F8A8B1F62A0}.Release|Any CPU.Build.0 = Release|Any CPU
	EndGlobalSection
	GlobalSection(SolutionProperties) = preSolution
		HideSolutionNode = FALSE
	EndGlobalSection
	GlobalSection(ExtensibilityGlobals) = postSolution
		SolutionGuid = {099F53B5-D57B-4940-AAE6-0E9C9D31DFF5}
	EndGlobalSection
EndGlobal
